<?xml version="1.0" encoding="utf-8"?>
<Project ToolsVersion="4.0" xmlns="http://schemas.microsoft.com/developer/msbuild/2003">
  <ItemGroup>
    <Filter Include="Source Files">
      <UniqueIdentifier>{4FC737F1-C7A5-4376-A066-2A32D752A2FF}</UniqueIdentifier>
      <Extensions>cpp;c;cc;cxx;def;odl;idl;hpj;bat;asm;asmx</Extensions>
    </Filter>
    <Filter Include="Header Files">
      <UniqueIdentifier>{93995380-89BD-4b04-88EB-625FBE52EBFB}</UniqueIdentifier>
      <Extensions>h;hpp;hxx;hm;inl;inc;xsd</Extensions>
    </Filter>
    <Filter Include="Resource Files">
      <UniqueIdentifier>{67DA6AB6-F800-4c08-8B7A-83BB121AAD01}</UniqueIdentifier>
      <Extensions>rc;ico;cur;bmp;dlg;rc2;rct;bin;rgs;gif;jpg;jpeg;jpe;resx;tiff;tif;png;wav</Extensions>
    </Filter>
    <Filter Include="TupleStorage">
      <UniqueIdentifier>{464124f4-de39-48e1-8d54-dde3431edd59}</UniqueIdentifier>
    </Filter>
    <Filter Include="Common">
      <UniqueIdentifier>{ffedcfc2-4043-4702-80a5-0e016b195af1}</UniqueIdentifier>
    </Filter>
    <Filter Include="tinyxml">
      <UniqueIdentifier>{d2d59116-63c2-4745-87d1-f456bd856896}</UniqueIdentifier>
    </Filter>
  </ItemGroup>
  <ItemGroup>
    <ClCompile Include="config.cpp">
      <Filter>Source Files</Filter>
    </ClCompile>
    <ClCompile Include="electricsheepguiMyDialog2.cpp">
      <Filter>Source Files</Filter>
    </ClCompile>
    <ClCompile Include="main.cpp">
      <Filter>Source Files</Filter>
    </ClCompile>
    <ClCompile Include="..\..\TupleStorage\diriterator.cpp">
      <Filter>TupleStorage</Filter>
    </ClCompile>
    <ClCompile Include="..\..\TupleStorage\luastorage.cpp">
      <Filter>TupleStorage</Filter>
    </ClCompile>
    <ClCompile Include="..\..\TupleStorage\storage.cpp">
      <Filter>TupleStorage</Filter>
    </ClCompile>
    <ClCompile Include="..\..\Common\AlignedBuffer.cpp">
      <Filter>Common</Filter>
    </ClCompile>
    <ClCompile Include="..\..\Common\Common.cpp">
      <Filter>Common</Filter>
    </ClCompile>
    <ClCompile Include="..\..\Common\Exception.cpp">
      <Filter>Common</Filter>
    </ClCompile>
    <ClCompile Include="..\..\Common\Log.cpp">
      <Filter>Common</Filter>
    </ClCompile>
    <ClCompile Include="..\..\Common\LuaState.cpp">
      <Filter>Common</Filter>
    </ClCompile>
    <ClCompile Include="..\..\Common\luaxml.cpp">
      <Filter>Common</Filter>
    </ClCompile>
    <ClCompile Include="..\..\Common\md5.c">
      <Filter>Common</Filter>
    </ClCompile>
    <ClCompile Include="..\..\Common\pool.cpp">
      <Filter>Common</Filter>
    </ClCompile>
    <ClCompile Include="..\msvc_fix.cpp">
      <Filter>Source Files</Filter>
    </ClCompile>
  </ItemGroup>
  <ItemGroup>
    <ClInclude Include="config.h">
      <Filter>Header Files</Filter>
    </ClInclude>
    <ClInclude Include="electricsheepguiMyDialog2.h">
      <Filter>Header Files</Filter>
    </ClInclude>
    <ClInclude Include="main.h">
      <Filter>Header Files</Filter>
    </ClInclude>
    <ClInclude Include="..\..\TupleStorage\diriterator.h">
      <Filter>TupleStorage</Filter>
    </ClInclude>
    <ClInclude Include="..\..\TupleStorage\luastorage.h">
      <Filter>TupleStorage</Filter>
    </ClInclude>
    <ClInclude Include="..\..\TupleStorage\Settings.h">
      <Filter>TupleStorage</Filter>
    </ClInclude>
    <ClInclude Include="..\..\TupleStorage\storage.h">
      <Filter>TupleStorage</Filter>
    </ClInclude>
    <ClInclude Include="..\..\Common\AlignedBuffer.h">
      <Filter>Common</Filter>
    </ClInclude>
    <ClInclude Include="..\..\Common\base.h">
      <Filter>Common</Filter>
    </ClInclude>
    <ClInclude Include="..\..\Common\BlockingQueue.h">
      <Filter>Common</Filter>
    </ClInclude>
    <ClInclude Include="..\..\Common\clientversion.h">
      <Filter>Common</Filter>
    </ClInclude>
    <ClInclude Include="..\..\Common\Common.h">
      <Filter>Common</Filter>
    </ClInclude>
    <ClInclude Include="..\..\Common\Exception.h">
      <Filter>Common</Filter>
    </ClInclude>
    <ClInclude Include="..\..\Common\linkpool.h">
      <Filter>Common</Filter>
    </ClInclude>
    <ClInclude Include="..\..\Common\Log.h">
      <Filter>Common</Filter>
    </ClInclude>
    <ClInclude Include="..\..\Common\LuaState.h">
      <Filter>Common</Filter>
    </ClInclude>
    <ClInclude Include="..\..\Common\luaxml.h">
      <Filter>Common</Filter>
    </ClInclude>
    <ClInclude Include="..\..\Common\MathBase.h">
      <Filter>Common</Filter>
    </ClInclude>
    <ClInclude Include="..\..\Common\md5.h">
      <Filter>Common</Filter>
    </ClInclude>
    <ClInclude Include="..\..\Common\MTimer.h">
      <Filter>Common</Filter>
    </ClInclude>
    <ClInclude Include="..\..\Common\pool.h">
      <Filter>Common</Filter>
    </ClInclude>
    <ClInclude Include="..\..\Common\ProcessForker.h">
      <Filter>Common</Filter>
    </ClInclude>
    <ClInclude Include="..\..\Common\Singleton.h">
      <Filter>Common</Filter>
    </ClInclude>
    <ClInclude Include="..\..\Common\SmartPtr.h">
      <Filter>Common</Filter>
    </ClInclude>
    <ClInclude Include="..\..\Common\Timer.h">
      <Filter>Common</Filter>
    </ClInclude>
    <ClInclude Include="..\..\Common\WTimer.h">
      <Filter>Common</Filter>
    </ClInclude>
    <ClInclude Include="..\..\Common\XTimer.h">
      <Filter>Common</Filter>
    </ClInclude>
    <ClInclude Include="..\msvc_fix.h">
      <Filter>Header Files</Filter>
    </ClInclude>
  </ItemGroup>
  <ItemGroup>
    <ResourceCompile Include="settingsgui.rc">
      <Filter>Resource Files</Filter>
    </ResourceCompile>
  </ItemGroup>
</Project>